<?xml version="1.0" encoding="utf-8"?>
<Project ToolsVersion="4.0" xmlns="http://schemas.microsoft.com/developer/msbuild/2003">
  <ItemGroup>
    <Filter Include="Common">
      <UniqueIdentifier>{9035fd67-e388-482b-8704-f62c71eed569}</UniqueIdentifier>
    </Filter>
    <Filter Include="High Level Interface">
      <UniqueIdentifier>{f571f9ea-dd8e-4d0e-b0b8-05f5c201e8ba}</UniqueIdentifier>
    </Filter>
    <Filter Include="Graphics">
      <UniqueIdentifier>{d90d651f-bf1c-464b-8cfc-9d4ff2834af7}</UniqueIdentifier>
    </Filter>
    <Filter Include="Resource">
      <UniqueIdentifier>{e15919d3-77dd-4ac6-989f-f1afc367dcee}</UniqueIdentifier>
    </Filter>
    <Filter Include="Time">
      <UniqueIdentifier>{e354932e-0d90-4c5f-b001-700c343962d9}</UniqueIdentifier>
    </Filter>
    <Filter Include="Input">
      <UniqueIdentifier>{7af0c02c-17b6-41e5-aaa0-e297a8d341f9}</UniqueIdentifier>
    </Filter>
    <Filter Include="Common\Math">
      <UniqueIdentifier>{1fee2dbe-a442-43f7-ae5b-ef2cabda7343}</UniqueIdentifier>
    </Filter>
    <Filter Include="Renderer">
      <UniqueIdentifier>{600e71e4-57b1-46b9-8fde-f3bdc59d3643}</UniqueIdentifier>
    </Filter>
    <Filter Include="Scene">
      <UniqueIdentifier>{763f8472-e2c0-465c-8132-2ab3b475f212}</UniqueIdentifier>
    </Filter>
    <Filter Include="GameObject">
      <UniqueIdentifier>{70370eeb-5065-4bfe-9da8-14aa126a1069}</UniqueIdentifier>
    </Filter>
    <Filter Include="Resource\Mesh">
      <UniqueIdentifier>{b5ecfa28-700e-43a3-ad7d-d51723de8a6e}</UniqueIdentifier>
    </Filter>
    <Filter Include="Resource\Shader">
      <UniqueIdentifier>{2466d825-72a3-4490-9a7d-e7e1995943cd}</UniqueIdentifier>
    </Filter>
    <Filter Include="Resource\Manager">
      <UniqueIdentifier>{0dd3b16a-2b28-4f4e-9b1d-46ed80ef0fef}</UniqueIdentifier>
    </Filter>
    <Filter Include="Component">
      <UniqueIdentifier>{b5f916d5-2281-412c-b1a8-6c9028df2a38}</UniqueIdentifier>
    </Filter>
    <Filter Include="Resource\Material">
      <UniqueIdentifier>{8ebc73e2-0a35-4a7e-a41f-f41be5e978ad}</UniqueIdentifier>
    </Filter>
    <Filter Include="Resource\Texture">
      <UniqueIdentifier>{c30ee76f-f9f3-4927-b014-0f52de27b730}</UniqueIdentifier>
    </Filter>
    <Filter Include="Component\Script">
      <UniqueIdentifier>{a06f0e62-6444-4239-8f9d-bdbe7ec75d6e}</UniqueIdentifier>
    </Filter>
    <Filter Include="Component\Transform">
      <UniqueIdentifier>{10a06bd7-4118-4065-bcb6-9a621c5d83b1}</UniqueIdentifier>
    </Filter>
    <Filter Include="Component\Renderer">
      <UniqueIdentifier>{9f946302-356c-47c6-84d0-661a0a4f6682}</UniqueIdentifier>
    </Filter>
    <Filter Include="Component\Script\Contents">
      <UniqueIdentifier>{8d5f9a99-53ec-4fec-9abc-2563497420be}</UniqueIdentifier>
    </Filter>
    <Filter Include="Component\Camera">
      <UniqueIdentifier>{0e53c96c-0386-413e-bf7e-c010eea6c622}</UniqueIdentifier>
    </Filter>
    <Filter Include="Scene\Base">
      <UniqueIdentifier>{ce046ced-69a7-4138-9bc9-83d5450af1fa}</UniqueIdentifier>
    </Filter>
    <Filter Include="Scene\Layer">
      <UniqueIdentifier>{cfdd51de-7e91-4ea7-a304-ba6c907ebfc3}</UniqueIdentifier>
    </Filter>
    <Filter Include="Scene\Manager">
      <UniqueIdentifier>{6611e647-4c43-416e-88f7-4abbbf60753e}</UniqueIdentifier>
    </Filter>
    <Filter Include="Component\Collider">
      <UniqueIdentifier>{92b66365-f638-4a1b-98ee-0b8b4c365f2a}</UniqueIdentifier>
    </Filter>
    <Filter Include="Resource\Prefab">
      <UniqueIdentifier>{f04e2cda-e055-4e90-9268-c90676846200}</UniqueIdentifier>
    </Filter>
    <Filter Include="Component\Collider\Manager">
      <UniqueIdentifier>{be4f8389-cd73-4316-b0ec-7525f0651d13}</UniqueIdentifier>
    </Filter>
    <Filter Include="Component\Collider\2D">
      <UniqueIdentifier>{b503cd7e-8874-425c-9643-06fcd01f0876}</UniqueIdentifier>
    </Filter>
    <Filter Include="Component\Collider\3D">
      <UniqueIdentifier>{f58f4fe2-3959-422c-98b7-c757fb03ea0c}</UniqueIdentifier>
    </Filter>
    <Filter Include="Component\Animator">
      <UniqueIdentifier>{2f8d80df-f428-4911-bb19-ef18b0f01f8e}</UniqueIdentifier>
    </Filter>
  </ItemGroup>
  <ItemGroup>
    <ClInclude Include="CommonInclude.h">
      <Filter>Common</Filter>
    </ClInclude>
    <ClInclude Include="yaApplication.h">
      <Filter>High Level Interface</Filter>
    </ClInclude>
    <ClInclude Include="yaGraphicDevice_DX11.h">
      <Filter>Graphics</Filter>
    </ClInclude>
    <ClInclude Include="yaMath.h">
      <Filter>Common\Math</Filter>
    </ClInclude>
    <ClInclude Include="yaGraphics.h">
      <Filter>Graphics</Filter>
    </ClInclude>
    <ClInclude Include="yaResource.h">
      <Filter>Resource</Filter>
    </ClInclude>
    <ClInclude Include="yaInput.h">
      <Filter>Input</Filter>
    </ClInclude>
    <ClInclude Include="yaTime.h">
      <Filter>Time</Filter>
    </ClInclude>
    <ClInclude Include="yaEntity.h">
      <Filter>Common</Filter>
    </ClInclude>
    <ClInclude Include="yaRenderer.h">
      <Filter>Renderer</Filter>
    </ClInclude>
    <ClInclude Include="yaEngine.h">
      <Filter>Common</Filter>
    </ClInclude>
    <ClInclude Include="yaGameObject.h">
      <Filter>GameObject</Filter>
    </ClInclude>
    <ClInclude Include="yaMesh.h">
      <Filter>Resource\Mesh</Filter>
    </ClInclude>
    <ClInclude Include="yaShader.h">
      <Filter>Resource\Shader</Filter>
    </ClInclude>
    <ClInclude Include="yaResources.h">
      <Filter>Resource\Manager</Filter>
    </ClInclude>
    <ClInclude Include="yaComponent.h">
      <Filter>Component</Filter>
    </ClInclude>
    <ClInclude Include="yaMaterial.h">
      <Filter>Resource\Material</Filter>
    </ClInclude>
    <ClInclude Include="yaEnums.h">
      <Filter>Common</Filter>
    </ClInclude>
    <ClInclude Include="yaTexture.h">
      <Filter>Resource\Texture</Filter>
    </ClInclude>
    <ClInclude Include="yaTransform.h">
      <Filter>Component\Transform</Filter>
    </ClInclude>
    <ClInclude Include="yaMeshRenderer.h">
      <Filter>Component\Renderer</Filter>
    </ClInclude>
    <ClInclude Include="yaScript.h">
      <Filter>Component\Script</Filter>
    </ClInclude>
    <ClInclude Include="yaPlayerScript.h">
      <Filter>Component\Script\Contents</Filter>
    </ClInclude>
    <ClInclude Include="yaCamera.h">
      <Filter>Component\Camera</Filter>
    </ClInclude>
    <ClInclude Include="yaCameraScript.h">
      <Filter>Component\Script</Filter>
    </ClInclude>
    <ClInclude Include="yaSpriteRenderer.h">
      <Filter>Component\Renderer</Filter>
    </ClInclude>
    <ClInclude Include="yaObject.h">
      <Filter>GameObject</Filter>
    </ClInclude>
    <ClInclude Include="yaFadeInAndOutScript.h">
      <Filter>Component\Script\Contents</Filter>
    </ClInclude>
    <ClInclude Include="yaGridScript.h">
      <Filter>Component\Script</Filter>
    </ClInclude>
    <ClInclude Include="yaBaseRenderer.h">
      <Filter>Renderer</Filter>
    </ClInclude>
    <ClInclude Include="yaConstantBuffer.h">
      <Filter>Graphics</Filter>
    </ClInclude>
    <ClInclude Include="yaTitleScene.h">
      <Filter>Scene</Filter>
    </ClInclude>
    <ClInclude Include="yaLayer.h">
      <Filter>Scene\Layer</Filter>
    </ClInclude>
    <ClInclude Include="yaScene.h">
      <Filter>Scene\Base</Filter>
    </ClInclude>
    <ClInclude Include="yaSceneManager.h">
      <Filter>Scene\Manager</Filter>
    </ClInclude>
    <ClInclude Include="yaPlayScene.h">
      <Filter>Scene</Filter>
    </ClInclude>
    <ClInclude Include="yaCollider.h">
      <Filter>Component\Collider</Filter>
    </ClInclude>
    <ClInclude Include="yaPrefab.h">
      <Filter>Resource\Prefab</Filter>
    </ClInclude>
    <ClInclude Include="yaCollisionManager.h">
      <Filter>Component\Collider\Manager</Filter>
    </ClInclude>
    <ClInclude Include="yaCollider2D.h">
      <Filter>Component\Collider\2D</Filter>
    </ClInclude>
    <ClInclude Include="yaCollider3D.h">
      <Filter>Component\Collider\3D</Filter>
    </ClInclude>
    <ClInclude Include="yaPlayer.h">
      <Filter>Component\Script\Contents</Filter>
    </ClInclude>
    <ClInclude Include="yaMonster.h">
      <Filter>Component\Script\Contents</Filter>
    </ClInclude>
    <ClInclude Include="yaAnimator.h">
      <Filter>Component\Animator</Filter>
    </ClInclude>
    <ClInclude Include="yaAnimation.h">
      <Filter>Component\Animator</Filter>
    </ClInclude>
  </ItemGroup>
  <ItemGroup>
    <ClCompile Include="yaApplication.cpp">
      <Filter>High Level Interface</Filter>
    </ClCompile>
    <ClCompile Include="yaGraphicDevice_DX11.cpp">
      <Filter>Graphics</Filter>
    </ClCompile>
    <ClCompile Include="yaMath.cpp">
      <Filter>Common\Math</Filter>
    </ClCompile>
    <ClCompile Include="yaResource.cpp">
      <Filter>Resource</Filter>
    </ClCompile>
    <ClCompile Include="yaInput.cpp">
      <Filter>Input</Filter>
    </ClCompile>
    <ClCompile Include="yaTime.cpp">
      <Filter>Time</Filter>
    </ClCompile>
    <ClCompile Include="yaEntity.cpp">
      <Filter>Common</Filter>
    </ClCompile>
    <ClCompile Include="yaRenderer.cpp">
      <Filter>Renderer</Filter>
    </ClCompile>
    <ClCompile Include="yaGameObject.cpp">
      <Filter>GameObject</Filter>
    </ClCompile>
    <ClCompile Include="yaMesh.cpp">
      <Filter>Resource\Mesh</Filter>
    </ClCompile>
    <ClCompile Include="yaShader.cpp">
      <Filter>Resource\Shader</Filter>
    </ClCompile>
    <ClCompile Include="yaResources.cpp">
      <Filter>Resource\Manager</Filter>
    </ClCompile>
    <ClCompile Include="yaComponent.cpp">
      <Filter>Component</Filter>
    </ClCompile>
    <ClCompile Include="yaMaterial.cpp">
      <Filter>Resource\Material</Filter>
    </ClCompile>
    <ClCompile Include="yaTexture.cpp">
      <Filter>Resource\Texture</Filter>
    </ClCompile>
    <ClCompile Include="yaTransform.cpp">
      <Filter>Component\Transform</Filter>
    </ClCompile>
    <ClCompile Include="yaMeshRenderer.cpp">
      <Filter>Component\Renderer</Filter>
    </ClCompile>
    <ClCompile Include="yaScript.cpp">
      <Filter>Component\Script</Filter>
    </ClCompile>
    <ClCompile Include="yaPlayerScript.cpp">
      <Filter>Component\Script\Contents</Filter>
    </ClCompile>
    <ClCompile Include="yaCamera.cpp">
      <Filter>Component\Camera</Filter>
    </ClCompile>
    <ClCompile Include="yaCameraScript.cpp">
      <Filter>Component\Script</Filter>
    </ClCompile>
    <ClCompile Include="yaSpriteRenderer.cpp">
      <Filter>Component\Renderer</Filter>
    </ClCompile>
    <ClCompile Include="yaFadeInAndOutScript.cpp">
      <Filter>Component\Script\Contents</Filter>
    </ClCompile>
    <ClCompile Include="yaGridScript.cpp">
      <Filter>Component\Script</Filter>
    </ClCompile>
    <ClCompile Include="yaBaseRenderer.cpp">
      <Filter>Renderer</Filter>
    </ClCompile>
    <ClCompile Include="yaConstantBuffer.cpp">
      <Filter>Graphics</Filter>
    </ClCompile>
    <ClCompile Include="yaTitleScene.cpp">
      <Filter>Scene</Filter>
    </ClCompile>
    <ClCompile Include="yaLayer.cpp">
      <Filter>Scene\Layer</Filter>
    </ClCompile>
    <ClCompile Include="yaScene.cpp">
      <Filter>Scene\Base</Filter>
    </ClCompile>
    <ClCompile Include="yaSceneManager.cpp">
      <Filter>Scene\Manager</Filter>
    </ClCompile>
    <ClCompile Include="yaPlayScene.cpp">
      <Filter>Scene</Filter>
    </ClCompile>
    <ClCompile Include="yaCollider.cpp">
      <Filter>Component\Collider</Filter>
    </ClCompile>
    <ClCompile Include="yaPrefab.cpp">
      <Filter>Resource\Prefab</Filter>
    </ClCompile>
    <ClCompile Include="yaCollisionManager.cpp">
      <Filter>Component\Collider\Manager</Filter>
    </ClCompile>
    <ClCompile Include="yaCollider2D.cpp">
      <Filter>Component\Collider\2D</Filter>
    </ClCompile>
    <ClCompile Include="yaCollider3D.cpp">
      <Filter>Component\Collider\3D</Filter>
    </ClCompile>
    <ClCompile Include="yaPlayer.cpp">
      <Filter>Component\Script\Contents</Filter>
    </ClCompile>
    <ClCompile Include="yaMonster.cpp">
      <Filter>Component\Script\Contents</Filter>
    </ClCompile>
    <ClCompile Include="yaAnimator.cpp">
      <Filter>Component\Animator</Filter>
    </ClCompile>
    <ClCompile Include="yaAnimation.cpp">
      <Filter>Component\Animator</Filter>
    </ClCompile>
  </ItemGroup>
  <ItemGroup>
    <None Include="yaMath.inl">
      <Filter>Common\Math</Filter>
    </None>
  </ItemGroup>
</Project>